github.com/hupe1980/go-huggingface v0.0.15 h1:tTWmUGGunC/BYz4hrwS8SSVtMYVYjceG2uhL8HxeXvw=
github.com/hupe1980/go-huggingface v0.0.15/go.mod h1:IRvsik3+b9BJyw9hCfw1arI6gDObcVto1UA8f3kt8mM=
github.com/joho/godotenv v1.5.1 h1:7eLL/+HRGLY0ldzfGMeQkb7vMd0as4CfYvUVzLqw0N0=
github.com/joho/godotenv v1.5.1/go.mod h1:f4LDr5Voq0i2e/R5DDNOoa2zzDfwtkZa6DnEwAbqwq4=
